
Microsoft Visual Studio Solution File, Format Version 12.00
# Visual Studio 14
VisualStudioVersion = 14.0.24720.0
MinimumVisualStudioVersion = 10.0.40219.1
Project("{FAE04EC0-301F-11D3-BF4B-00C04F79EFBC}") = "WPF Chat", "WPF Chat\WPF Chat.csproj", "{DD2513FE-14E4-4A8D-A7B7-698D4285240B}"
EndProject
Project("{FAE04EC0-301F-11D3-BF4B-00C04F79EFBC}") = "Laboratoria", "Laboratorium_1\Laboratoria.csproj", "{21CB6167-CE0F-4763-BCF0-9BBDF990D8CD}"
EndProject
Project("{FAE04EC0-301F-11D3-BF4B-00C04F79EFBC}") = "Client-Server Application", "Client-Server Application\Client-Server Application.csproj", "{6A8E4805-A227-48C9-9232-B04623BD21A2}"
EndProject
Project("{FAE04EC0-301F-11D3-BF4B-00C04F79EFBC}") = "Client Application", "Client Application\Client Application.csproj", "{4084B13E-182F-435E-852C-5D7FAD3802B8}"
EndProject
Global
	GlobalSection(SolutionConfigurationPlatforms) = preSolution
		Debug|Any CPU = Debug|Any CPU
		Release|Any CPU = Release|Any CPU
	EndGlobalSection
	GlobalSection(ProjectConfigurationPlatforms) = postSolution
		{DD2513FE-14E4-4A8D-A7B7-698D4285240B}.Debug|Any CPU.ActiveCfg = Debug|Any CPU
		{DD2513FE-14E4-4A8D-A7B7-698D4285240B}.Debug|Any CPU.Build.0 = Debug|Any CPU
		{DD2513FE-14E4-4A8D-A7B7-698D4285240B}.Release|Any CPU.ActiveCfg = Release|Any CPU
		{DD2513FE-14E4-4A8D-A7B7-698D4285240B}.Release|Any CPU.Build.0 = Release|Any CPU
		{21CB6167-CE0F-4763-BCF0-9BBDF990D8CD}.Debug|Any CPU.ActiveCfg = Debug|Any CPU
		{21CB6167-CE0F-4763-BCF0-9BBDF990D8CD}.Debug|Any CPU.Build.0 = Debug|Any CPU
		{21CB6167-CE0F-4763-BCF0-9BBDF990D8CD}.Release|Any CPU.ActiveCfg = Release|Any CPU
		{21CB6167-CE0F-4763-BCF0-9BBDF990D8CD}.Release|Any CPU.Build.0 = Release|Any CPU
		{6A8E4805-A227-48C9-9232-B04623BD21A2}.Debug|Any CPU.ActiveCfg = Debug|Any CPU
		{6A8E4805-A227-48C9-9232-B04623BD21A2}.Debug|Any CPU.Build.0 = Debug|Any CPU
		{6A8E4805-A227-48C9-9232-B04623BD21A2}.Release|Any CPU.ActiveCfg = Release|Any CPU
		{6A8E4805-A227-48C9-9232-B04623BD21A2}.Release|Any CPU.Build.0 = Release|Any CPU
		{4084B13E-182F-435E-852C-5D7FAD3802B8}.Debug|Any CPU.ActiveCfg = Debug|Any CPU
		{4084B13E-182F-435E-852C-5D7FAD3802B8}.Debug|Any CPU.Build.0 = Debug|Any CPU
		{4084B13E-182F-435E-852C-5D7FAD3802B8}.Release|Any CPU.ActiveCfg = Release|Any CPU
		{4084B13E-182F-435E-852C-5D7FAD3802B8}.Release|Any CPU.Build.0 = Release|Any CPU
	EndGlobalSection
	GlobalSection(SolutionProperties) = preSolution
		HideSolutionNode = FALSE
	EndGlobalSection
EndGlobal
